
Microsoft Visual Studio Solution File, Format Version 12.00
# Visual Studio Version 17
VisualStudioVersion = 17.1.32210.238
MinimumVisualStudioVersion = 10.0.40219.1
Project("{FAE04EC0-301F-11D3-BF4B-00C04F79EFBC}") = "Modul4_1302204001", "Modul4_1302204001\Modul4_1302204001.csproj", "{CA2A277B-2D13-42A7-BBD1-6959C74472C6}"
EndProject
Global
	GlobalSection(SolutionConfigurationPlatforms) = preSolution
		Debug|Any CPU = Debug|Any CPU
		Release|Any CPU = Release|Any CPU
	EndGlobalSection
	GlobalSection(ProjectConfigurationPlatforms) = postSolution
		{CA2A277B-2D13-42A7-BBD1-6959C74472C6}.Debug|Any CPU.ActiveCfg = Debug|Any CPU
		{CA2A277B-2D13-42A7-BBD1-6959C74472C6}.Debug|Any CPU.Build.0 = Debug|Any CPU
		{CA2A277B-2D13-42A7-BBD1-6959C74472C6}.Release|Any CPU.ActiveCfg = Release|Any CPU
		{CA2A277B-2D13-42A7-BBD1-6959C74472C6}.Release|Any CPU.Build.0 = Release|Any CPU
	EndGlobalSection
	GlobalSection(SolutionProperties) = preSolution
		HideSolutionNode = FALSE
	EndGlobalSection
	GlobalSection(ExtensibilityGlobals) = postSolution
		SolutionGuid = {750E92A3-E997-4A9B-93AE-C1C0159EB8DD}
	EndGlobalSection
EndGlobal
